
Microsoft Visual Studio Solution File, Format Version 12.00
# Visual Studio Version 16
VisualStudioVersion = 16.0.32630.194
MinimumVisualStudioVersion = 10.0.40219.1
Project("{FAE04EC0-301F-11D3-BF4B-00C04F79EFBC}") = "WindowMuter", "WindowMuter\WindowMuter.csproj", "{F4E47B0F-D39B-45FC-AB8D-1EC7B8357FA0}"
EndProject
Global
	GlobalSection(SolutionConfigurationPlatforms) = preSolution
		Debug|Any CPU = Debug|Any CPU
		Release|Any CPU = Release|Any CPU
	EndGlobalSection
	GlobalSection(ProjectConfigurationPlatforms) = postSolution
		{F4E47B0F-D39B-45FC-AB8D-1EC7B8357FA0}.Debug|Any CPU.ActiveCfg = Debug|Any CPU
		{F4E47B0F-D39B-45FC-AB8D-1EC7B8357FA0}.Debug|Any CPU.Build.0 = Debug|Any CPU
		{F4E47B0F-D39B-45FC-AB8D-1EC7B8357FA0}.Release|Any CPU.ActiveCfg = Release|Any CPU
		{F4E47B0F-D39B-45FC-AB8D-1EC7B8357FA0}.Release|Any CPU.Build.0 = Release|Any CPU
	EndGlobalSection
	GlobalSection(SolutionProperties) = preSolution
		HideSolutionNode = FALSE
	EndGlobalSection
	GlobalSection(ExtensibilityGlobals) = postSolution
		SolutionGuid = {1D730F33-1024-463E-A692-8FD4B2A2FECC}
	EndGlobalSection
EndGlobal
